
Microsoft Visual Studio Solution File, Format Version 12.00
# Visual Studio 15
VisualStudioVersion = 15.0.27703.2042
MinimumVisualStudioVersion = 10.0.40219.1
Project("{2150E333-8FDC-42A3-9474-1A3956D46DE8}") = "src", "src", "{D22DD019-1A54-4B32-86C0-81E3E6E25FDC}"
EndProject
Project("{2150E333-8FDC-42A3-9474-1A3956D46DE8}") = "Solution Items", "Solution Items", "{8B561941-D67B-4F81-84A8-203E7D325E66}"
EndProject
Project("{9A19103F-16F7-4668-BE54-9A1E7A4F7556}") = "FamilyPhotos", "src\FamilyPhotos\FamilyPhotos.csproj", "{C341F988-A05F-46EC-8917-990F68644AF9}"
EndProject
Global
	GlobalSection(SolutionConfigurationPlatforms) = preSolution
		Debug|Any CPU = Debug|Any CPU
		Release|Any CPU = Release|Any CPU
	EndGlobalSection
	GlobalSection(ProjectConfigurationPlatforms) = postSolution
		{C341F988-A05F-46EC-8917-990F68644AF9}.Debug|Any CPU.ActiveCfg = Debug|Any CPU
		{C341F988-A05F-46EC-8917-990F68644AF9}.Debug|Any CPU.Build.0 = Debug|Any CPU
		{C341F988-A05F-46EC-8917-990F68644AF9}.Release|Any CPU.ActiveCfg = Release|Any CPU
		{C341F988-A05F-46EC-8917-990F68644AF9}.Release|Any CPU.Build.0 = Release|Any CPU
	EndGlobalSection
	GlobalSection(SolutionProperties) = preSolution
		HideSolutionNode = FALSE
	EndGlobalSection
	GlobalSection(NestedProjects) = preSolution
		{C341F988-A05F-46EC-8917-990F68644AF9} = {D22DD019-1A54-4B32-86C0-81E3E6E25FDC}
	EndGlobalSection
	GlobalSection(ExtensibilityGlobals) = postSolution
		SolutionGuid = {DD660981-9C35-4B76-9CED-05AF4AE239E2}
	EndGlobalSection
EndGlobal
